
Microsoft Visual Studio Solution File, Format Version 12.00
# Visual Studio Version 17
VisualStudioVersion = 17.5.33530.505
MinimumVisualStudioVersion = 10.0.40219.1
Project("{9A19103F-16F7-4668-BE54-9A1E7A4F7556}") = "Fluent.CodeGen", "Fluent.CodeGen\Fluent.CodeGen.csproj", "{5053564A-2618-4502-9255-44D9D20CFB16}"
EndProject
Project("{9A19103F-16F7-4668-BE54-9A1E7A4F7556}") = "Fluent.CodeGen.Tests", "Fluent.CodeGen.Tests\Fluent.CodeGen.Tests.csproj", "{70233310-F980-44B9-8373-FA5DC0274588}"
EndProject
Global
	GlobalSection(SolutionConfigurationPlatforms) = preSolution
		Debug|Any CPU = Debug|Any CPU
		Release|Any CPU = Release|Any CPU
	EndGlobalSection
	GlobalSection(ProjectConfigurationPlatforms) = postSolution
		{5053564A-2618-4502-9255-44D9D20CFB16}.Debug|Any CPU.ActiveCfg = Debug|Any CPU
		{5053564A-2618-4502-9255-44D9D20CFB16}.Debug|Any CPU.Build.0 = Debug|Any CPU
		{5053564A-2618-4502-9255-44D9D20CFB16}.Release|Any CPU.ActiveCfg = Release|Any CPU
		{5053564A-2618-4502-9255-44D9D20CFB16}.Release|Any CPU.Build.0 = Release|Any CPU
		{70233310-F980-44B9-8373-FA5DC0274588}.Debug|Any CPU.ActiveCfg = Debug|Any CPU
		{70233310-F980-44B9-8373-FA5DC0274588}.Debug|Any CPU.Build.0 = Debug|Any CPU
		{70233310-F980-44B9-8373-FA5DC0274588}.Release|Any CPU.ActiveCfg = Release|Any CPU
		{70233310-F980-44B9-8373-FA5DC0274588}.Release|Any CPU.Build.0 = Release|Any CPU
	EndGlobalSection
	GlobalSection(SolutionProperties) = preSolution
		HideSolutionNode = FALSE
	EndGlobalSection
	GlobalSection(ExtensibilityGlobals) = postSolution
		SolutionGuid = {D79B2862-FD6D-4397-A8EA-25CFD3B653DA}
	EndGlobalSection
EndGlobal
